# This file is generated by running "yarn install" inside your project.
# Manual changes might be lost - proceed with caution!

__metadata:
  version: 6
  cacheKey: 8

"@grpc/grpc-js@npm:^1.5.9":
  version: 1.6.8
  resolution: "@grpc/grpc-js@npm:1.6.8"
  dependencies:
    "@grpc/proto-loader": ^0.7.0
    "@types/node": ">=12.12.47"
  checksum: 2dd2e2bdc3f0c50fa76f9466607c5b8832489b41ca0958446326e3ed4c693f2a120eedad06d451180ea50dbd3717d6d37282284fb6c1d5598e55ceaff454184f
  languageName: node
  linkType: hard

"@grpc/proto-loader@npm:0.6.9":
  version: 0.6.9
  resolution: "@grpc/proto-loader@npm:0.6.9"
  dependencies:
    "@types/long": ^4.0.1
    lodash.camelcase: ^4.3.0
    long: ^4.0.0
    protobufjs: ^6.10.0
    yargs: ^16.2.0
  bin:
    proto-loader-gen-types: build/bin/proto-loader-gen-types.js
  checksum: 30081a5a6e866506d8e799ebed00367024a2710b9b990104d804fe23c60d81d5ccaa74ad14bd0bedfab6fb313eccbc18e0bbcf3bda7f3288d8eb31cab040255f
  languageName: node
  linkType: hard

"@grpc/proto-loader@npm:^0.6.9":
  version: 0.6.13
  resolution: "@grpc/proto-loader@npm:0.6.13"
  dependencies:
    "@types/long": ^4.0.1
    lodash.camelcase: ^4.3.0
    long: ^4.0.0
    protobufjs: ^6.11.3
    yargs: ^16.2.0
  bin:
    proto-loader-gen-types: build/bin/proto-loader-gen-types.js
  checksum: 863417e961cfa3acb579124f5c2bbfbeaee4d507c33470dc0af3b6792892c68706c6c61e26629f5ff3d28cb631dc4f0a00233323135e322406e3cb19a0b92823
  languageName: node
  linkType: hard

"@grpc/proto-loader@npm:^0.7.0":
  version: 0.7.0
  resolution: "@grpc/proto-loader@npm:0.7.0"
  dependencies:
    "@types/long": ^4.0.1
    lodash.camelcase: ^4.3.0
    long: ^4.0.0
    protobufjs: ^7.0.0
    yargs: ^16.2.0
  bin:
    proto-loader-gen-types: build/bin/proto-loader-gen-types.js
  checksum: 64fa85e9c15403b42d5be2a6e1aa75db58d3f32d3c12fc48001fc9435030f4952feae05bba2bc428b5092aa3d52edd8b1a629e000736776915582172c7053cd4
  languageName: node
  linkType: hard

"@opentelemetry/api-metrics@npm:0.31.0":
  version: 0.31.0
  resolution: "@opentelemetry/api-metrics@npm:0.31.0"
  dependencies:
    "@opentelemetry/api": ^1.0.0
  checksum: 696192c97afb382950064471b0ce90172bae73c6ee47ccd09b59fc0d0e9c84f4685284e633c4338584de91cab07c7848661640eee4ec1f43687ce9953d220f5f
  languageName: node
  linkType: hard

"@opentelemetry/api@npm:^1.0.0, @opentelemetry/api@npm:^1.1.0":
  version: 1.1.0
  resolution: "@opentelemetry/api@npm:1.1.0"
  checksum: 8be8e8dd20a473639a9bb9b4185b8984f537f86e49829ba1d4c4e909f4480309cb22696b7eb7122882878dac0b5f4ce799d66ed72248568bafed085d6269e1bc
  languageName: node
  linkType: hard

"@opentelemetry/core@npm:1.5.0":
  version: 1.5.0
  resolution: "@opentelemetry/core@npm:1.5.0"
  dependencies:
    "@opentelemetry/semantic-conventions": 1.5.0
  peerDependencies:
    "@opentelemetry/api": ">=1.0.0 <1.2.0"
  checksum: a191583afaf731930e3332b4e584541c3486121e6855c5c1dc40a522aabe27c5a1eede13760b9669063d8196f4dc93dbd3c4c1b7fe19e0aeaa1a433a8bb7d1c8
  languageName: node
  linkType: hard

"@opentelemetry/exporter-metrics-otlp-grpc@npm:0.31.0":
  version: 0.31.0
  resolution: "@opentelemetry/exporter-metrics-otlp-grpc@npm:0.31.0"
  dependencies:
    "@grpc/grpc-js": ^1.5.9
    "@grpc/proto-loader": ^0.6.9
    "@opentelemetry/core": 1.5.0
    "@opentelemetry/exporter-metrics-otlp-http": 0.31.0
    "@opentelemetry/otlp-grpc-exporter-base": 0.31.0
    "@opentelemetry/otlp-transformer": 0.31.0
    "@opentelemetry/resources": 1.5.0
    "@opentelemetry/sdk-metrics-base": 0.31.0
  peerDependencies:
    "@opentelemetry/api": ^1.0.0
  checksum: b2e36508f6433e0a123c49282dfb115545e488ee04af0d989b4fa998e7f08b8780c5bc58ae1e70f8fd3832398cf1c3b97989ac52467d5545e481f133e3e05539
  languageName: node
  linkType: hard

"@opentelemetry/exporter-metrics-otlp-http@npm:0.31.0":
  version: 0.31.0
  resolution: "@opentelemetry/exporter-metrics-otlp-http@npm:0.31.0"
  dependencies:
    "@opentelemetry/api-metrics": 0.31.0
    "@opentelemetry/core": 1.5.0
    "@opentelemetry/otlp-exporter-base": 0.31.0
    "@opentelemetry/otlp-transformer": 0.31.0
    "@opentelemetry/resources": 1.5.0
    "@opentelemetry/sdk-metrics-base": 0.31.0
  peerDependencies:
    "@opentelemetry/api": ^1.0.0
  checksum: f1b0f2d7d3b3df666aaa914ad70171fd4bf680d3256e5f6e90570331d712b45dcd13e18d9125517ba6cb7322ad2008193754e132c1b8a302591b683ea6117efd
  languageName: node
  linkType: hard

"@opentelemetry/exporter-metrics-otlp-proto@npm:0.31.0":
  version: 0.31.0
  resolution: "@opentelemetry/exporter-metrics-otlp-proto@npm:0.31.0"
  dependencies:
    "@grpc/proto-loader": 0.6.9
    "@opentelemetry/core": 1.5.0
    "@opentelemetry/exporter-metrics-otlp-http": 0.31.0
    "@opentelemetry/otlp-exporter-base": 0.31.0
    "@opentelemetry/otlp-proto-exporter-base": 0.31.0
    "@opentelemetry/otlp-transformer": 0.31.0
    "@opentelemetry/resources": 1.5.0
    "@opentelemetry/sdk-metrics-base": 0.31.0
    protobufjs: ^6.9.0
  peerDependencies:
    "@opentelemetry/api": ^1.0.0
  checksum: 2ca4e4db90096cb32e23a1bfc9f625f26dcb3efe08ad7688c0a447174a49e0ffaea6ee6ef6dfd1a386629b507a728320c1faad57ac40062ae8f4dc28a9fa0481
  languageName: node
  linkType: hard

"@opentelemetry/exporter-trace-otlp-grpc@npm:0.31.0":
  version: 0.31.0
  resolution: "@opentelemetry/exporter-trace-otlp-grpc@npm:0.31.0"
  dependencies:
    "@grpc/grpc-js": ^1.5.9
    "@grpc/proto-loader": ^0.6.9
    "@opentelemetry/core": 1.5.0
    "@opentelemetry/otlp-grpc-exporter-base": 0.31.0
    "@opentelemetry/otlp-transformer": 0.31.0
    "@opentelemetry/resources": 1.5.0
    "@opentelemetry/sdk-trace-base": 1.5.0
  peerDependencies:
    "@opentelemetry/api": ^1.0.0
  checksum: a8881dd7a244b2ed351d0bce947b139f7daad108483c02b11ffb3b63da85213c4704abcff152df2d5f09cb498cc7fb7857bb40db9621b199e1d9899eb34b3669
  languageName: node
  linkType: hard

"@opentelemetry/exporter-trace-otlp-http@npm:0.31.0":
  version: 0.31.0
  resolution: "@opentelemetry/exporter-trace-otlp-http@npm:0.31.0"
  dependencies:
    "@opentelemetry/core": 1.5.0
    "@opentelemetry/otlp-exporter-base": 0.31.0
    "@opentelemetry/otlp-transformer": 0.31.0
    "@opentelemetry/resources": 1.5.0
    "@opentelemetry/sdk-trace-base": 1.5.0
  peerDependencies:
    "@opentelemetry/api": ^1.0.0
  checksum: 22fdaa8fccd5daefee386376fc1fdd16a4079da4bdb33e64888dd317be68a042ff2dfcb531492f61f3d0ee0d80b18965ce0bb4ffabb3e70e7938224ed36e08cd
  languageName: node
  linkType: hard

"@opentelemetry/exporter-trace-otlp-proto@npm:0.31.0":
  version: 0.31.0
  resolution: "@opentelemetry/exporter-trace-otlp-proto@npm:0.31.0"
  dependencies:
    "@grpc/proto-loader": ^0.6.9
    "@opentelemetry/core": 1.5.0
    "@opentelemetry/otlp-exporter-base": 0.31.0
    "@opentelemetry/otlp-proto-exporter-base": 0.31.0
    "@opentelemetry/otlp-transformer": 0.31.0
    "@opentelemetry/resources": 1.5.0
    "@opentelemetry/sdk-trace-base": 1.5.0
    protobufjs: ^6.9.0
  peerDependencies:
    "@opentelemetry/api": ^1.0.0
  checksum: 918bbf250f49d79c4f7b0258b53678324e85221accdf4ae197801e2e871a0816eba45e8e316e100ba94a20c770d77aa7c33c9f6b7135a739036062bce42cf98b
  languageName: node
  linkType: hard

"@opentelemetry/otlp-exporter-base@npm:0.31.0":
  version: 0.31.0
  resolution: "@opentelemetry/otlp-exporter-base@npm:0.31.0"
  dependencies:
    "@opentelemetry/core": 1.5.0
  peerDependencies:
    "@opentelemetry/api": ^1.0.0
  checksum: 463501c3eed563652518808553e08c218e65e7f3420733b4a328c2a18b056bb50193fa63950eeb3e2fc0cd16d15678ebb4d15ca9319a844c3cb7aefa7cce8a28
  languageName: node
  linkType: hard

"@opentelemetry/otlp-grpc-exporter-base@npm:0.31.0":
  version: 0.31.0
  resolution: "@opentelemetry/otlp-grpc-exporter-base@npm:0.31.0"
  dependencies:
    "@grpc/grpc-js": ^1.5.9
    "@grpc/proto-loader": ^0.6.9
    "@opentelemetry/core": 1.5.0
    "@opentelemetry/otlp-exporter-base": 0.31.0
  peerDependencies:
    "@opentelemetry/api": ^1.0.0
  checksum: 280631364a3736f064679122df910e9aca8d804e5581e12b2f284e9ea74bdee52606cb845877221d7188fcd86f74d42850dc145cfd948aa5ddebfcb842bc02f7
  languageName: node
  linkType: hard

"@opentelemetry/otlp-proto-exporter-base@npm:0.31.0":
  version: 0.31.0
  resolution: "@opentelemetry/otlp-proto-exporter-base@npm:0.31.0"
  dependencies:
    "@grpc/proto-loader": ^0.6.9
    "@opentelemetry/core": 1.5.0
    "@opentelemetry/otlp-exporter-base": 0.31.0
  peerDependencies:
    "@opentelemetry/api": ^1.0.0
  checksum: d4aa96c8323d3839b0a2d32d8728d3c2b3ab1d512f2a2a63e43a833e14550eb2841b8d814d2cbd43d42743a5cef9106d4c6901d14ffc567e374b74a6f32eeb77
  languageName: node
  linkType: hard

"@opentelemetry/otlp-transformer@npm:0.31.0":
  version: 0.31.0
  resolution: "@opentelemetry/otlp-transformer@npm:0.31.0"
  dependencies:
    "@opentelemetry/api-metrics": 0.31.0
    "@opentelemetry/core": 1.5.0
    "@opentelemetry/resources": 1.5.0
    "@opentelemetry/sdk-metrics-base": 0.31.0
    "@opentelemetry/sdk-trace-base": 1.5.0
  peerDependencies:
    "@opentelemetry/api": ">=1.0.0 <1.2.0"
  checksum: a07f9c6b3e472a9580d2391c1b125a57b834ce0a96dcd95e09caa225fbaf22c5871c2cf831a356152868fe0759ffb760374f433c98b2d91af388574564f98dcb
  languageName: node
  linkType: hard

"@opentelemetry/resources@npm:1.5.0":
  version: 1.5.0
  resolution: "@opentelemetry/resources@npm:1.5.0"
  dependencies:
    "@opentelemetry/core": 1.5.0
    "@opentelemetry/semantic-conventions": 1.5.0
  peerDependencies:
    "@opentelemetry/api": ">=1.0.0 <1.2.0"
  checksum: 0fd743f121522da1b75310795eb12bc65ce092ccf6178bac6cfc8ad5122064701bfca25cad341701adaff0bfc153522631ea9be93f5b27d2730111f8cb807d61
  languageName: node
  linkType: hard

"@opentelemetry/sdk-metrics-base@npm:0.31.0":
  version: 0.31.0
  resolution: "@opentelemetry/sdk-metrics-base@npm:0.31.0"
  dependencies:
    "@opentelemetry/api-metrics": 0.31.0
    "@opentelemetry/core": 1.5.0
    "@opentelemetry/resources": 1.5.0
    lodash.merge: 4.6.2
  peerDependencies:
    "@opentelemetry/api": ^1.0.0
  checksum: 8eefbe77e233f88c5565a5b5d86fdeeafe276d65a7a69dd62784542af7ba3b444df8be8471699c03ebd292372d02feb83fedfe0047f2bafbd89fffd5a9633d4c
  languageName: node
  linkType: hard

"@opentelemetry/sdk-trace-base@npm:1.5.0":
  version: 1.5.0
  resolution: "@opentelemetry/sdk-trace-base@npm:1.5.0"
  dependencies:
    "@opentelemetry/core": 1.5.0
    "@opentelemetry/resources": 1.5.0
    "@opentelemetry/semantic-conventions": 1.5.0
  peerDependencies:
    "@opentelemetry/api": ">=1.0.0 <1.2.0"
  checksum: ca340ea23ffe393a8eb488a398cc8124c82fbc3be76cd15b7a00b9f0e79c723da442f0e485bf4b5445581aa184c4f7e9e62321d9253bb59d679d95d6d177f3c2
  languageName: node
  linkType: hard

"@opentelemetry/semantic-conventions@npm:1.5.0":
  version: 1.5.0
  resolution: "@opentelemetry/semantic-conventions@npm:1.5.0"
  checksum: 455298a5037bd34e7fa687a4485bb66b6fead60647570fa5fd9cc8981feba4d5ff083b3c79f6d87ef2cd64df8502b8b3c9dbd337beb2dbbb23ffc98cb081d57c
  languageName: node
  linkType: hard

"@protobufjs/aspromise@npm:^1.1.1, @protobufjs/aspromise@npm:^1.1.2":
  version: 1.1.2
  resolution: "@protobufjs/aspromise@npm:1.1.2"
  checksum: 011fe7ef0826b0fd1a95935a033a3c0fd08483903e1aa8f8b4e0704e3233406abb9ee25350ec0c20bbecb2aad8da0dcea58b392bbd77d6690736f02c143865d2
  languageName: node
  linkType: hard

"@protobufjs/base64@npm:^1.1.2":
  version: 1.1.2
  resolution: "@protobufjs/base64@npm:1.1.2"
  checksum: 67173ac34de1e242c55da52c2f5bdc65505d82453893f9b51dc74af9fe4c065cf4a657a4538e91b0d4a1a1e0a0642215e31894c31650ff6e3831471061e1ee9e
  languageName: node
  linkType: hard

"@protobufjs/codegen@npm:^2.0.4":
  version: 2.0.4
  resolution: "@protobufjs/codegen@npm:2.0.4"
  checksum: 59240c850b1d3d0b56d8f8098dd04787dcaec5c5bd8de186fa548de86b86076e1c50e80144b90335e705a044edf5bc8b0998548474c2a10a98c7e004a1547e4b
  languageName: node
  linkType: hard

"@protobufjs/eventemitter@npm:^1.1.0":
  version: 1.1.0
  resolution: "@protobufjs/eventemitter@npm:1.1.0"
  checksum: 0369163a3d226851682f855f81413cbf166cd98f131edb94a0f67f79e75342d86e89df9d7a1df08ac28be2bc77e0a7f0200526bb6c2a407abbfee1f0262d5fd7
  languageName: node
  linkType: hard

"@protobufjs/fetch@npm:^1.1.0":
  version: 1.1.0
  resolution: "@protobufjs/fetch@npm:1.1.0"
  dependencies:
    "@protobufjs/aspromise": ^1.1.1
    "@protobufjs/inquire": ^1.1.0
  checksum: 3fce7e09eb3f1171dd55a192066450f65324fd5f7cc01a431df01bb00d0a895e6bfb5b0c5561ce157ee1d886349c90703d10a4e11a1a256418ff591b969b3477
  languageName: node
  linkType: hard

"@protobufjs/float@npm:^1.0.2":
  version: 1.0.2
  resolution: "@protobufjs/float@npm:1.0.2"
  checksum: 5781e1241270b8bd1591d324ca9e3a3128d2f768077a446187a049e36505e91bc4156ed5ac3159c3ce3d2ba3743dbc757b051b2d723eea9cd367bfd54ab29b2f
  languageName: node
  linkType: hard

"@protobufjs/inquire@npm:^1.1.0":
  version: 1.1.0
  resolution: "@protobufjs/inquire@npm:1.1.0"
  checksum: ca06f02eaf65ca36fb7498fc3492b7fc087bfcc85c702bac5b86fad34b692bdce4990e0ef444c1e2aea8c034227bd1f0484be02810d5d7e931c55445555646f4
  languageName: node
  linkType: hard

"@protobufjs/path@npm:^1.1.2":
  version: 1.1.2
  resolution: "@protobufjs/path@npm:1.1.2"
  checksum: 856eeb532b16a7aac071cacde5c5620df800db4c80cee6dbc56380524736205aae21e5ae47739114bf669ab5e8ba0e767a282ad894f3b5e124197cb9224445ee
  languageName: node
  linkType: hard

"@protobufjs/pool@npm:^1.1.0":
  version: 1.1.0
  resolution: "@protobufjs/pool@npm:1.1.0"
  checksum: d6a34fbbd24f729e2a10ee915b74e1d77d52214de626b921b2d77288bd8f2386808da2315080f2905761527cceffe7ec34c7647bd21a5ae41a25e8212ff79451
  languageName: node
  linkType: hard

"@protobufjs/utf8@npm:^1.1.0":
  version: 1.1.0
  resolution: "@protobufjs/utf8@npm:1.1.0"
  checksum: f9bf3163d13aaa3b6f5e6fbf37a116e094ea021c0e1f2a7ccd0e12a29e2ce08dafba4e8b36e13f8ed7397e1591610ce880ed1289af4d66cf4ace8a36a9557278
  languageName: node
  linkType: hard

"@types/long@npm:^4.0.1":
  version: 4.0.2
  resolution: "@types/long@npm:4.0.2"
  checksum: d16cde7240d834cf44ba1eaec49e78ae3180e724cd667052b194a372f350d024cba8dd3f37b0864931683dab09ca935d52f0c4c1687178af5ada9fc85b0635f4
  languageName: node
  linkType: hard

"@types/node@npm:>=12.12.47, @types/node@npm:>=13.7.0":
  version: 18.6.4
  resolution: "@types/node@npm:18.6.4"
  checksum: fc453dd2b541f5812ba1a8f957f577727cf2d8aee886f1d5c03eb153b2b3373d2e0953c5bd2b7a5b184073bc317f54ec91f1ec4830a58eda4a833e90654021de
  languageName: node
  linkType: hard

"ansi-regex@npm:^5.0.1":
  version: 5.0.1
  resolution: "ansi-regex@npm:5.0.1"
  checksum: 2aa4bb54caf2d622f1afdad09441695af2a83aa3fe8b8afa581d205e57ed4261c183c4d3877cee25794443fde5876417d859c108078ab788d6af7e4fe52eb66b
  languageName: node
  linkType: hard

"ansi-styles@npm:^4.0.0":
  version: 4.3.0
  resolution: "ansi-styles@npm:4.3.0"
  dependencies:
    color-convert: ^2.0.1
  checksum: 513b44c3b2105dd14cc42a19271e80f386466c4be574bccf60b627432f9198571ebf4ab1e4c3ba17347658f4ee1711c163d574248c0c1cdc2d5917a0ad582ec4
  languageName: node
  linkType: hard

"cliui@npm:^7.0.2":
  version: 7.0.4
  resolution: "cliui@npm:7.0.4"
  dependencies:
    string-width: ^4.2.0
    strip-ansi: ^6.0.0
    wrap-ansi: ^7.0.0
  checksum: ce2e8f578a4813806788ac399b9e866297740eecd4ad1823c27fd344d78b22c5f8597d548adbcc46f0573e43e21e751f39446c5a5e804a12aace402b7a315d7f
  languageName: node
  linkType: hard

"color-convert@npm:^2.0.1":
  version: 2.0.1
  resolution: "color-convert@npm:2.0.1"
  dependencies:
    color-name: ~1.1.4
  checksum: 79e6bdb9fd479a205c71d89574fccfb22bd9053bd98c6c4d870d65c132e5e904e6034978e55b43d69fcaa7433af2016ee203ce76eeba9cfa554b373e7f7db336
  languageName: node
  linkType: hard

"color-name@npm:~1.1.4":
  version: 1.1.4
  resolution: "color-name@npm:1.1.4"
  checksum: b0445859521eb4021cd0fb0cc1a75cecf67fceecae89b63f62b201cca8d345baf8b952c966862a9d9a2632987d4f6581f0ec8d957dfacece86f0a7919316f610
  languageName: node
  linkType: hard

"effect-node-b9a31a@workspace:examples/effect-node":
  version: 0.0.0-use.local
  resolution: "effect-node-b9a31a@workspace:examples/effect-node"
  languageName: unknown
  linkType: soft

"emoji-regex@npm:^8.0.0":
  version: 8.0.0
  resolution: "emoji-regex@npm:8.0.0"
  checksum: d4c5c39d5a9868b5fa152f00cada8a936868fd3367f33f71be515ecee4c803132d11b31a6222b2571b1e5f7e13890156a94880345594d0ce7e3c9895f560f192
  languageName: node
  linkType: hard

"escalade@npm:^3.1.1":
  version: 3.1.1
  resolution: "escalade@npm:3.1.1"
  checksum: a3e2a99f07acb74b3ad4989c48ca0c3140f69f923e56d0cba0526240ee470b91010f9d39001f2a4a313841d237ede70a729e92125191ba5d21e74b106800b133
  languageName: node
  linkType: hard

"example-otlp-exporter-node@workspace:examples/simple-node":
  version: 0.0.0-use.local
  resolution: "example-otlp-exporter-node@workspace:examples/simple-node"
  dependencies:
    "@opentelemetry/api": ^1.1.0
    "@opentelemetry/api-metrics": 0.31.0
    "@opentelemetry/core": 1.5.0
    "@opentelemetry/exporter-metrics-otlp-grpc": 0.31.0
    "@opentelemetry/exporter-metrics-otlp-http": 0.31.0
    "@opentelemetry/exporter-metrics-otlp-proto": 0.31.0
    "@opentelemetry/exporter-trace-otlp-grpc": 0.31.0
    "@opentelemetry/exporter-trace-otlp-http": 0.31.0
    "@opentelemetry/exporter-trace-otlp-proto": 0.31.0
    "@opentelemetry/resources": 1.5.0
    "@opentelemetry/sdk-metrics-base": 0.31.0
    "@opentelemetry/sdk-trace-base": 1.5.0
    "@opentelemetry/semantic-conventions": 1.5.0
  languageName: unknown
  linkType: soft

"get-caller-file@npm:^2.0.5":
  version: 2.0.5
  resolution: "get-caller-file@npm:2.0.5"
  checksum: b9769a836d2a98c3ee734a88ba712e62703f1df31b94b784762c433c27a386dd6029ff55c2a920c392e33657d80191edbf18c61487e198844844516f843496b9
  languageName: node
  linkType: hard

"is-fullwidth-code-point@npm:^3.0.0":
  version: 3.0.0
  resolution: "is-fullwidth-code-point@npm:3.0.0"
  checksum: 44a30c29457c7fb8f00297bce733f0a64cd22eca270f83e58c105e0d015e45c019491a4ab2faef91ab51d4738c670daff901c799f6a700e27f7314029e99e348
  languageName: node
  linkType: hard

"lodash.camelcase@npm:^4.3.0":
  version: 4.3.0
  resolution: "lodash.camelcase@npm:4.3.0"
  checksum: cb9227612f71b83e42de93eccf1232feeb25e705bdb19ba26c04f91e885bfd3dd5c517c4a97137658190581d3493ea3973072ca010aab7e301046d90740393d1
  languageName: node
  linkType: hard

"lodash.merge@npm:4.6.2":
  version: 4.6.2
  resolution: "lodash.merge@npm:4.6.2"
  checksum: ad580b4bdbb7ca1f7abf7e1bce63a9a0b98e370cf40194b03380a46b4ed799c9573029599caebc1b14e3f24b111aef72b96674a56cfa105e0f5ac70546cdc005
  languageName: node
  linkType: hard

"long@npm:^4.0.0":
  version: 4.0.0
  resolution: "long@npm:4.0.0"
  checksum: 16afbe8f749c7c849db1f4de4e2e6a31ac6e617cead3bdc4f9605cb703cd20e1e9fc1a7baba674ffcca57d660a6e5b53a9e236d7b25a295d3855cca79cc06744
  languageName: node
  linkType: hard

"long@npm:^5.0.0":
  version: 5.2.0
  resolution: "long@npm:5.2.0"
  checksum: 37aa4e67b9c3eebc6d9d675adcc9d06f06059ca268922a71273de389746bf07f0ff282f9e604d17fdf84c4149099b44e936ea2b621a6c4759a216621afa97efd
  languageName: node
  linkType: hard

"protobufjs@npm:^6.10.0, protobufjs@npm:^6.11.3, protobufjs@npm:^6.9.0":
  version: 6.11.3
  resolution: "protobufjs@npm:6.11.3"
  dependencies:
    "@protobufjs/aspromise": ^1.1.2
    "@protobufjs/base64": ^1.1.2
    "@protobufjs/codegen": ^2.0.4
    "@protobufjs/eventemitter": ^1.1.0
    "@protobufjs/fetch": ^1.1.0
    "@protobufjs/float": ^1.0.2
    "@protobufjs/inquire": ^1.1.0
    "@protobufjs/path": ^1.1.2
    "@protobufjs/pool": ^1.1.0
    "@protobufjs/utf8": ^1.1.0
    "@types/long": ^4.0.1
    "@types/node": ">=13.7.0"
    long: ^4.0.0
  bin:
    pbjs: bin/pbjs
    pbts: bin/pbts
  checksum: 4a6ce1964167e4c45c53fd8a312d7646415c777dd31b4ba346719947b88e61654912326101f927da387d6b6473ab52a7ea4f54d6f15d63b31130ce28e2e15070
  languageName: node
  linkType: hard

"protobufjs@npm:^7.0.0":
  version: 7.0.0
  resolution: "protobufjs@npm:7.0.0"
  dependencies:
    "@protobufjs/aspromise": ^1.1.2
    "@protobufjs/base64": ^1.1.2
    "@protobufjs/codegen": ^2.0.4
    "@protobufjs/eventemitter": ^1.1.0
    "@protobufjs/fetch": ^1.1.0
    "@protobufjs/float": ^1.0.2
    "@protobufjs/inquire": ^1.1.0
    "@protobufjs/path": ^1.1.2
    "@protobufjs/pool": ^1.1.0
    "@protobufjs/utf8": ^1.1.0
    "@types/long": ^4.0.1
    "@types/node": ">=13.7.0"
    long: ^5.0.0
  checksum: 84c12ceef34d190bb0e08c7203a4e066c66b67fa788ac18575b5c45a269a515c3921b13116e12fe55ffe1fd4831ce208481d44231b75dbe0a8730ab4ca51c84b
  languageName: node
  linkType: hard

"require-directory@npm:^2.1.1":
  version: 2.1.1
  resolution: "require-directory@npm:2.1.1"
  checksum: fb47e70bf0001fdeabdc0429d431863e9475e7e43ea5f94ad86503d918423c1543361cc5166d713eaa7029dd7a3d34775af04764bebff99ef413111a5af18c80
  languageName: node
  linkType: hard

"root-workspace-0b6124@workspace:.":
  version: 0.0.0-use.local
  resolution: "root-workspace-0b6124@workspace:."
  languageName: unknown
  linkType: soft

"string-width@npm:^4.1.0, string-width@npm:^4.2.0":
  version: 4.2.3
  resolution: "string-width@npm:4.2.3"
  dependencies:
    emoji-regex: ^8.0.0
    is-fullwidth-code-point: ^3.0.0
    strip-ansi: ^6.0.1
  checksum: e52c10dc3fbfcd6c3a15f159f54a90024241d0f149cf8aed2982a2d801d2e64df0bf1dc351cf8e95c3319323f9f220c16e740b06faecd53e2462df1d2b5443fb
  languageName: node
  linkType: hard

"strip-ansi@npm:^6.0.0, strip-ansi@npm:^6.0.1":
  version: 6.0.1
  resolution: "strip-ansi@npm:6.0.1"
  dependencies:
    ansi-regex: ^5.0.1
  checksum: f3cd25890aef3ba6e1a74e20896c21a46f482e93df4a06567cebf2b57edabb15133f1f94e57434e0a958d61186087b1008e89c94875d019910a213181a14fc8c
  languageName: node
  linkType: hard

"wrap-ansi@npm:^7.0.0":
  version: 7.0.0
  resolution: "wrap-ansi@npm:7.0.0"
  dependencies:
    ansi-styles: ^4.0.0
    string-width: ^4.1.0
    strip-ansi: ^6.0.0
  checksum: a790b846fd4505de962ba728a21aaeda189b8ee1c7568ca5e817d85930e06ef8d1689d49dbf0e881e8ef84436af3a88bc49115c2e2788d841ff1b8b5b51a608b
  languageName: node
  linkType: hard

"y18n@npm:^5.0.5":
  version: 5.0.8
  resolution: "y18n@npm:5.0.8"
  checksum: 54f0fb95621ee60898a38c572c515659e51cc9d9f787fb109cef6fde4befbe1c4602dc999d30110feee37456ad0f1660fa2edcfde6a9a740f86a290999550d30
  languageName: node
  linkType: hard

"yargs-parser@npm:^20.2.2":
  version: 20.2.9
  resolution: "yargs-parser@npm:20.2.9"
  checksum: 8bb69015f2b0ff9e17b2c8e6bfe224ab463dd00ca211eece72a4cd8a906224d2703fb8a326d36fdd0e68701e201b2a60ed7cf81ce0fd9b3799f9fe7745977ae3
  languageName: node
  linkType: hard

"yargs@npm:^16.2.0":
  version: 16.2.0
  resolution: "yargs@npm:16.2.0"
  dependencies:
    cliui: ^7.0.2
    escalade: ^3.1.1
    get-caller-file: ^2.0.5
    require-directory: ^2.1.1
    string-width: ^4.2.0
    y18n: ^5.0.5
    yargs-parser: ^20.2.2
  checksum: b14afbb51e3251a204d81937c86a7e9d4bdbf9a2bcee38226c900d00f522969ab675703bee2a6f99f8e20103f608382936034e64d921b74df82b63c07c5e8f59
  languageName: node
  linkType: hard
