# This file is generated by running "yarn install" inside your project.
# Manual changes might be lost - proceed with caution!

__metadata:
  version: 6
  cacheKey: 8

"-node@workspace:examples/simple-node":
  version: 0.0.0-use.local
  resolution: "-node@workspace:examples/simple-node"
  dependencies:
    "@opentelemetry/api": ^1.4.1
    "@opentelemetry/api-metrics": 0.33.0
    "@opentelemetry/core": 1.14.0
    "@opentelemetry/exporter-metrics-otlp-grpc": 0.40.0
    "@opentelemetry/exporter-metrics-otlp-http": 0.40.0
    "@opentelemetry/exporter-metrics-otlp-proto": 0.40.0
    "@opentelemetry/exporter-trace-otlp-grpc": 0.40.0
    "@opentelemetry/exporter-trace-otlp-http": 0.40.0
    "@opentelemetry/exporter-trace-otlp-proto": 0.40.0
    "@opentelemetry/resources": 1.14.0
    "@opentelemetry/sdk-metrics-base": 0.31.0
    "@opentelemetry/sdk-trace-base": 1.14.0
    "@opentelemetry/semantic-conventions": 1.14.0
  languageName: unknown
  linkType: soft

"@effect/data@npm:^0.12.9, @effect/data@npm:~0.12.6":
  version: 0.12.10
  resolution: "@effect/data@npm:0.12.10"
  checksum: 161fa83c2d315ea16e6078ded2d17b8ec0b4a5b7433a70fa7d603012cc788430c1ab5546816efadef5d3f6bae017705cde446ec7d8146baee1a1a3c1760d53da
  languageName: node
  linkType: hard

"@effect/io@npm:^0.27.1":
  version: 0.27.2
  resolution: "@effect/io@npm:0.27.2"
  dependencies:
    "@effect/data": ~0.12.6
  checksum: 9f3977e042ecc4f94b56599d337aaed5a077e65e2bd506a8bfb837825e1619ad88fe2c59c3447da96e1e839ca6fe5ff94c444da08673563a3f2a796e08d39457
  languageName: node
  linkType: hard

"@effect/opentelemetry@npm:^0.1.3":
  version: 0.1.3
  resolution: "@effect/opentelemetry@npm:0.1.3"
  dependencies:
    "@effect/data": ^0.12.9
    "@effect/io": ^0.27.1
    "@opentelemetry/api": ^1.4.1
    "@opentelemetry/resources": ^1.14.0
    "@opentelemetry/semantic-conventions": ^1.14.0
  checksum: 0f67320bbe37f211ffd62f71ae0fbedf06f7e8b11e46a6cc4b7290afeb4e0278323d9dca2659344fca0771bc443b3cef1f2da9483f422b47c8b871f472d901fd
  languageName: node
  linkType: hard

"@grpc/grpc-js@npm:^1.7.1":
  version: 1.8.17
  resolution: "@grpc/grpc-js@npm:1.8.17"
  dependencies:
    "@grpc/proto-loader": ^0.7.0
    "@types/node": ">=12.12.47"
  checksum: 0ac8cd7342a33d7e507ec0ebb470721ae84eb964fd164e4b7b829cb35774c09df158124cbce859d9398c9a015f0e29d2308a3a17be35d54e030a7dc091e7e9a4
  languageName: node
  linkType: hard

"@grpc/proto-loader@npm:^0.7.0":
  version: 0.7.0
  resolution: "@grpc/proto-loader@npm:0.7.0"
  dependencies:
    "@types/long": ^4.0.1
    lodash.camelcase: ^4.3.0
    long: ^4.0.0
    protobufjs: ^7.0.0
    yargs: ^16.2.0
  bin:
    proto-loader-gen-types: build/bin/proto-loader-gen-types.js
  checksum: 64fa85e9c15403b42d5be2a6e1aa75db58d3f32d3c12fc48001fc9435030f4952feae05bba2bc428b5092aa3d52edd8b1a629e000736776915582172c7053cd4
  languageName: node
  linkType: hard

"@opentelemetry/api-logs@npm:0.40.0":
  version: 0.40.0
  resolution: "@opentelemetry/api-logs@npm:0.40.0"
  dependencies:
    "@opentelemetry/api": ^1.0.0
  checksum: f0c5aa3422e374d7b7aeda4bc9a8620af8f905d7d15ed4fe5e5f3b89dc57731f6bb639cfbab1c47c3b5d76af14935851537a0da2a716dfaa4179ef0f2c5876c1
  languageName: node
  linkType: hard

"@opentelemetry/api-metrics@npm:0.31.0":
  version: 0.31.0
  resolution: "@opentelemetry/api-metrics@npm:0.31.0"
  dependencies:
    "@opentelemetry/api": ^1.0.0
  checksum: 696192c97afb382950064471b0ce90172bae73c6ee47ccd09b59fc0d0e9c84f4685284e633c4338584de91cab07c7848661640eee4ec1f43687ce9953d220f5f
  languageName: node
  linkType: hard

"@opentelemetry/api-metrics@npm:0.33.0":
  version: 0.33.0
  resolution: "@opentelemetry/api-metrics@npm:0.33.0"
  dependencies:
    "@opentelemetry/api": ^1.0.0
  checksum: 8c4fc342e96bc3bea8d5f152faab7dec479c75b9a9b0796a4a8f17525734dcabab2366c0ea0f3d1f3e575d5e26315086b0ddf6ceda5625f5bd6322f425a2c074
  languageName: node
  linkType: hard

"@opentelemetry/api@npm:^1.0.0":
  version: 1.1.0
  resolution: "@opentelemetry/api@npm:1.1.0"
  checksum: 8be8e8dd20a473639a9bb9b4185b8984f537f86e49829ba1d4c4e909f4480309cb22696b7eb7122882878dac0b5f4ce799d66ed72248568bafed085d6269e1bc
  languageName: node
  linkType: hard

"@opentelemetry/api@npm:^1.4.1":
  version: 1.4.1
  resolution: "@opentelemetry/api@npm:1.4.1"
  checksum: e783c40d1a518abf9c4c5d65223237c1392cd9a6c53ac6e2c3ef0c05ff7266e3dfc4fd9874316dae0dcb7a97950878deb513bcbadfaad653d48f0215f2a0911b
  languageName: node
  linkType: hard

"@opentelemetry/context-async-hooks@npm:1.14.0":
  version: 1.14.0
  resolution: "@opentelemetry/context-async-hooks@npm:1.14.0"
  peerDependencies:
    "@opentelemetry/api": ">=1.0.0 <1.5.0"
  checksum: 05e93ac1624bfaa8acd848220b1a35aeb76a08c1c81ddcab39ccbf824f8a54556d14c3cf259a526e45669d0165b82212b5b772c50a5d74252b2ceacd0068326f
  languageName: node
  linkType: hard

"@opentelemetry/core@npm:1.14.0":
  version: 1.14.0
  resolution: "@opentelemetry/core@npm:1.14.0"
  dependencies:
    "@opentelemetry/semantic-conventions": 1.14.0
  peerDependencies:
    "@opentelemetry/api": ">=1.0.0 <1.5.0"
  checksum: 061e6f3bee492e020915427da94da902846ed6ee922bdb21a70563e5fbd3ebb39e8e3ae6eb1071eb775d27ca31093929ab65fe8abc81228042be8d9a3c96bac8
  languageName: node
  linkType: hard

"@opentelemetry/core@npm:1.5.0":
  version: 1.5.0
  resolution: "@opentelemetry/core@npm:1.5.0"
  dependencies:
    "@opentelemetry/semantic-conventions": 1.5.0
  peerDependencies:
    "@opentelemetry/api": ">=1.0.0 <1.2.0"
  checksum: a191583afaf731930e3332b4e584541c3486121e6855c5c1dc40a522aabe27c5a1eede13760b9669063d8196f4dc93dbd3c4c1b7fe19e0aeaa1a433a8bb7d1c8
  languageName: node
  linkType: hard

"@opentelemetry/exporter-jaeger@npm:1.14.0":
  version: 1.14.0
  resolution: "@opentelemetry/exporter-jaeger@npm:1.14.0"
  dependencies:
    "@opentelemetry/core": 1.14.0
    "@opentelemetry/sdk-trace-base": 1.14.0
    "@opentelemetry/semantic-conventions": 1.14.0
    jaeger-client: ^3.15.0
  peerDependencies:
    "@opentelemetry/api": ^1.0.0
  checksum: ae7aa5225d7f36f9afb1d43749361c6b28d7c08f4eb6e67a27415afb85cd78b63ba93715e505ab0e6be969cb8844ff75c110bfd82a90e1bc0cee0dc6715e3c82
  languageName: node
  linkType: hard

"@opentelemetry/exporter-metrics-otlp-grpc@npm:0.40.0":
  version: 0.40.0
  resolution: "@opentelemetry/exporter-metrics-otlp-grpc@npm:0.40.0"
  dependencies:
    "@grpc/grpc-js": ^1.7.1
    "@opentelemetry/core": 1.14.0
    "@opentelemetry/exporter-metrics-otlp-http": 0.40.0
    "@opentelemetry/otlp-grpc-exporter-base": 0.40.0
    "@opentelemetry/otlp-transformer": 0.40.0
    "@opentelemetry/resources": 1.14.0
    "@opentelemetry/sdk-metrics": 1.14.0
  peerDependencies:
    "@opentelemetry/api": ^1.3.0
  checksum: e16db3c38b1005555418f66d627dbfcba4fa46a8189f03c989772a1511976265db8e8b8c2b0d28ec900fb499e691ae8a8568d3e1a25f9e92bcd27b1495b2e793
  languageName: node
  linkType: hard

"@opentelemetry/exporter-metrics-otlp-http@npm:0.40.0":
  version: 0.40.0
  resolution: "@opentelemetry/exporter-metrics-otlp-http@npm:0.40.0"
  dependencies:
    "@opentelemetry/core": 1.14.0
    "@opentelemetry/otlp-exporter-base": 0.40.0
    "@opentelemetry/otlp-transformer": 0.40.0
    "@opentelemetry/resources": 1.14.0
    "@opentelemetry/sdk-metrics": 1.14.0
  peerDependencies:
    "@opentelemetry/api": ^1.3.0
  checksum: fff948c10a7ba36c201758ecfa2c2b110d8eeac4b4592d4aee2a7ea2c373a520f16ac382bcae994aff3d96b76725233466881d232ddd27ad2dd6c9b30841dc36
  languageName: node
  linkType: hard

"@opentelemetry/exporter-metrics-otlp-proto@npm:0.40.0":
  version: 0.40.0
  resolution: "@opentelemetry/exporter-metrics-otlp-proto@npm:0.40.0"
  dependencies:
    "@opentelemetry/core": 1.14.0
    "@opentelemetry/exporter-metrics-otlp-http": 0.40.0
    "@opentelemetry/otlp-exporter-base": 0.40.0
    "@opentelemetry/otlp-proto-exporter-base": 0.40.0
    "@opentelemetry/otlp-transformer": 0.40.0
    "@opentelemetry/resources": 1.14.0
    "@opentelemetry/sdk-metrics": 1.14.0
  peerDependencies:
    "@opentelemetry/api": ^1.3.0
  checksum: 181d24744432246b1b15f74d3e124f8c97276b395086dffacbc44a81f2dd93cf053c8ace7f0a4e9efe37211ed8ab0a6a5af400ef6e3e58faa15200f42f8db489
  languageName: node
  linkType: hard

"@opentelemetry/exporter-trace-otlp-grpc@npm:0.40.0":
  version: 0.40.0
  resolution: "@opentelemetry/exporter-trace-otlp-grpc@npm:0.40.0"
  dependencies:
    "@grpc/grpc-js": ^1.7.1
    "@opentelemetry/core": 1.14.0
    "@opentelemetry/otlp-grpc-exporter-base": 0.40.0
    "@opentelemetry/otlp-transformer": 0.40.0
    "@opentelemetry/resources": 1.14.0
    "@opentelemetry/sdk-trace-base": 1.14.0
  peerDependencies:
    "@opentelemetry/api": ^1.0.0
  checksum: f3b3ae9064cd24cd562ffe5a029893c2f2af58a0756711b5e012b099d271ee5384a580316943d5b6ee917c752418863effb70799f76bea673b09ff8a4838db15
  languageName: node
  linkType: hard

"@opentelemetry/exporter-trace-otlp-http@npm:0.40.0":
  version: 0.40.0
  resolution: "@opentelemetry/exporter-trace-otlp-http@npm:0.40.0"
  dependencies:
    "@opentelemetry/core": 1.14.0
    "@opentelemetry/otlp-exporter-base": 0.40.0
    "@opentelemetry/otlp-transformer": 0.40.0
    "@opentelemetry/resources": 1.14.0
    "@opentelemetry/sdk-trace-base": 1.14.0
  peerDependencies:
    "@opentelemetry/api": ^1.0.0
  checksum: fc8d5e75743746fb921510c9349645c7985af1a6503eae61b061d63e96be5ad56e4409155f26611cecaa917c0fc29d3e43f4d2f46aed50906c5d44e141b28ba6
  languageName: node
  linkType: hard

"@opentelemetry/exporter-trace-otlp-proto@npm:0.40.0":
  version: 0.40.0
  resolution: "@opentelemetry/exporter-trace-otlp-proto@npm:0.40.0"
  dependencies:
    "@opentelemetry/core": 1.14.0
    "@opentelemetry/otlp-exporter-base": 0.40.0
    "@opentelemetry/otlp-proto-exporter-base": 0.40.0
    "@opentelemetry/otlp-transformer": 0.40.0
    "@opentelemetry/resources": 1.14.0
    "@opentelemetry/sdk-trace-base": 1.14.0
  peerDependencies:
    "@opentelemetry/api": ^1.0.0
  checksum: ba5e197f92fc0f9a8ca74bb8cae0d9ad5306313570731e9e092f006abf7dfbc41e8bee0e4f1ecb69e09f2f24b006adc39988285cb87caf1a3454ce8e8f83be02
  languageName: node
  linkType: hard

"@opentelemetry/exporter-zipkin@npm:1.14.0":
  version: 1.14.0
  resolution: "@opentelemetry/exporter-zipkin@npm:1.14.0"
  dependencies:
    "@opentelemetry/core": 1.14.0
    "@opentelemetry/resources": 1.14.0
    "@opentelemetry/sdk-trace-base": 1.14.0
    "@opentelemetry/semantic-conventions": 1.14.0
  peerDependencies:
    "@opentelemetry/api": ^1.0.0
  checksum: a3f6d9117360b842df04aecef66dcce0d1a97e9ee8cb76fd606868cafe645536d2c62f0cb6515facbf399911a0ec143467ec7c9684f256ddc631d5d1a486f952
  languageName: node
  linkType: hard

"@opentelemetry/instrumentation@npm:0.40.0":
  version: 0.40.0
  resolution: "@opentelemetry/instrumentation@npm:0.40.0"
  dependencies:
    "@types/shimmer": ^1.0.2
    import-in-the-middle: 1.3.5
    require-in-the-middle: ^7.1.0
    semver: ^7.3.2
    shimmer: ^1.2.1
  peerDependencies:
    "@opentelemetry/api": ^1.3.0
  checksum: 03755fc091ed1659b7353d96de17370dc9d1c4986dfa046e38aeb2962f642055179515ccbb1e24b65a2888a075228a1245a459492a0dd7053e74c66905bda7f7
  languageName: node
  linkType: hard

"@opentelemetry/otlp-exporter-base@npm:0.40.0":
  version: 0.40.0
  resolution: "@opentelemetry/otlp-exporter-base@npm:0.40.0"
  dependencies:
    "@opentelemetry/core": 1.14.0
  peerDependencies:
    "@opentelemetry/api": ^1.0.0
  checksum: f5e75e6fb3c34bdc08a92996a83089e0db39cd3dc21ab0b0f0a72494aa536292e9bfe294504acc59a27b135b2bccf799046a36bc71b0f73f745974d592abb639
  languageName: node
  linkType: hard

"@opentelemetry/otlp-grpc-exporter-base@npm:0.40.0":
  version: 0.40.0
  resolution: "@opentelemetry/otlp-grpc-exporter-base@npm:0.40.0"
  dependencies:
    "@grpc/grpc-js": ^1.7.1
    "@opentelemetry/core": 1.14.0
    "@opentelemetry/otlp-exporter-base": 0.40.0
    protobufjs: ^7.2.2
  peerDependencies:
    "@opentelemetry/api": ^1.0.0
  checksum: bc178c4f29deb2f85fa16c975a3d0026225273e75027413c759a57ab0e68993d7fa340eb15c1485a91611523e52e4f709eec1c456fa187eeee2f4d92cf9213bd
  languageName: node
  linkType: hard

"@opentelemetry/otlp-proto-exporter-base@npm:0.40.0":
  version: 0.40.0
  resolution: "@opentelemetry/otlp-proto-exporter-base@npm:0.40.0"
  dependencies:
    "@opentelemetry/core": 1.14.0
    "@opentelemetry/otlp-exporter-base": 0.40.0
    protobufjs: ^7.1.2
  peerDependencies:
    "@opentelemetry/api": ^1.0.0
  checksum: 1729b9afa5c0afdb23a2a643fb438dd69e634f9389ac31eed88d32236a83f9a0a95e1a37535edb81664277229802f66c0d4fb8d62d78ed35519e472f25aa7a6f
  languageName: node
  linkType: hard

"@opentelemetry/otlp-transformer@npm:0.40.0":
  version: 0.40.0
  resolution: "@opentelemetry/otlp-transformer@npm:0.40.0"
  dependencies:
    "@opentelemetry/api-logs": 0.40.0
    "@opentelemetry/core": 1.14.0
    "@opentelemetry/resources": 1.14.0
    "@opentelemetry/sdk-logs": 0.40.0
    "@opentelemetry/sdk-metrics": 1.14.0
    "@opentelemetry/sdk-trace-base": 1.14.0
  peerDependencies:
    "@opentelemetry/api": ">=1.3.0 <1.5.0"
  checksum: 8d6e138a717670827b886c06e98188c121e16724f58faa5a5e9a1db61976b8fcde3322ca7f946ff3af99795b0959acf946c349bd5a1b4428a933fecf155c7375
  languageName: node
  linkType: hard

"@opentelemetry/propagator-b3@npm:1.14.0":
  version: 1.14.0
  resolution: "@opentelemetry/propagator-b3@npm:1.14.0"
  dependencies:
    "@opentelemetry/core": 1.14.0
  peerDependencies:
    "@opentelemetry/api": ">=1.0.0 <1.5.0"
  checksum: a61c05d5818f736e00713e33f2d8e55ccae0133a45b8844da06909742afe59bbf0abdca0831bcbc4043b95fa035bc031e4a63e112f817498db2f7d1ad698754c
  languageName: node
  linkType: hard

"@opentelemetry/propagator-jaeger@npm:1.14.0":
  version: 1.14.0
  resolution: "@opentelemetry/propagator-jaeger@npm:1.14.0"
  dependencies:
    "@opentelemetry/core": 1.14.0
  peerDependencies:
    "@opentelemetry/api": ">=1.0.0 <1.5.0"
  checksum: 85b09c0e80b039af956326e9317c95b7274198a1f1a798b4456c84c79df5456c63f6b62a80fd797e0091150ebee775bf58f2a69236a6115fadafbc3e41eb06d4
  languageName: node
  linkType: hard

"@opentelemetry/resources@npm:1.14.0, @opentelemetry/resources@npm:^1.14.0":
  version: 1.14.0
  resolution: "@opentelemetry/resources@npm:1.14.0"
  dependencies:
    "@opentelemetry/core": 1.14.0
    "@opentelemetry/semantic-conventions": 1.14.0
  peerDependencies:
    "@opentelemetry/api": ">=1.0.0 <1.5.0"
  checksum: 4494fcad2a9d8de215149675ce4f16885f6d7d0b3318c44a1f8d2e50009de07853c94b428462f70d1dd3d3681a5738d6b625806b7939839524db49a81eb90a2c
  languageName: node
  linkType: hard

"@opentelemetry/resources@npm:1.5.0":
  version: 1.5.0
  resolution: "@opentelemetry/resources@npm:1.5.0"
  dependencies:
    "@opentelemetry/core": 1.5.0
    "@opentelemetry/semantic-conventions": 1.5.0
  peerDependencies:
    "@opentelemetry/api": ">=1.0.0 <1.2.0"
  checksum: 0fd743f121522da1b75310795eb12bc65ce092ccf6178bac6cfc8ad5122064701bfca25cad341701adaff0bfc153522631ea9be93f5b27d2730111f8cb807d61
  languageName: node
  linkType: hard

"@opentelemetry/sdk-logs@npm:0.40.0":
  version: 0.40.0
  resolution: "@opentelemetry/sdk-logs@npm:0.40.0"
  dependencies:
    "@opentelemetry/core": 1.14.0
    "@opentelemetry/resources": 1.14.0
  peerDependencies:
    "@opentelemetry/api": ">=1.4.0 <1.5.0"
    "@opentelemetry/api-logs": ">=0.39.1"
  checksum: b508f253714dcf708d492fb1419bbcccad26441a6925e5fc5bc0a896c9ea92b59680fb66659f2c141009d6709d8ceff947264a601ffafd5e67d77b85e8eaa1f4
  languageName: node
  linkType: hard

"@opentelemetry/sdk-metrics-base@npm:0.31.0":
  version: 0.31.0
  resolution: "@opentelemetry/sdk-metrics-base@npm:0.31.0"
  dependencies:
    "@opentelemetry/api-metrics": 0.31.0
    "@opentelemetry/core": 1.5.0
    "@opentelemetry/resources": 1.5.0
    lodash.merge: 4.6.2
  peerDependencies:
    "@opentelemetry/api": ^1.0.0
  checksum: 8eefbe77e233f88c5565a5b5d86fdeeafe276d65a7a69dd62784542af7ba3b444df8be8471699c03ebd292372d02feb83fedfe0047f2bafbd89fffd5a9633d4c
  languageName: node
  linkType: hard

"@opentelemetry/sdk-metrics@npm:1.14.0":
  version: 1.14.0
  resolution: "@opentelemetry/sdk-metrics@npm:1.14.0"
  dependencies:
    "@opentelemetry/core": 1.14.0
    "@opentelemetry/resources": 1.14.0
    lodash.merge: 4.6.2
  peerDependencies:
    "@opentelemetry/api": ">=1.3.0 <1.5.0"
  checksum: 633f58b02cae9d16827e3fc6e7a37329ee0ebc63e4b0193cf3c80afa3553b0d737019df889ba73644254fc3134108b965c93e6f097aacee396a671bed1b2188d
  languageName: node
  linkType: hard

"@opentelemetry/sdk-node@npm:^0.40.0":
  version: 0.40.0
  resolution: "@opentelemetry/sdk-node@npm:0.40.0"
  dependencies:
    "@opentelemetry/core": 1.14.0
    "@opentelemetry/exporter-jaeger": 1.14.0
    "@opentelemetry/exporter-trace-otlp-grpc": 0.40.0
    "@opentelemetry/exporter-trace-otlp-http": 0.40.0
    "@opentelemetry/exporter-trace-otlp-proto": 0.40.0
    "@opentelemetry/exporter-zipkin": 1.14.0
    "@opentelemetry/instrumentation": 0.40.0
    "@opentelemetry/resources": 1.14.0
    "@opentelemetry/sdk-metrics": 1.14.0
    "@opentelemetry/sdk-trace-base": 1.14.0
    "@opentelemetry/sdk-trace-node": 1.14.0
    "@opentelemetry/semantic-conventions": 1.14.0
  peerDependencies:
    "@opentelemetry/api": ">=1.3.0 <1.5.0"
  checksum: eedae792858d001d994406473cded90f89139c8a9f67962d0e6817fcb7dfe993cc2f3734a519366699d46ef88eefc9e99b688bf149eb931a131f43a622e855b8
  languageName: node
  linkType: hard

"@opentelemetry/sdk-trace-base@npm:1.14.0":
  version: 1.14.0
  resolution: "@opentelemetry/sdk-trace-base@npm:1.14.0"
  dependencies:
    "@opentelemetry/core": 1.14.0
    "@opentelemetry/resources": 1.14.0
    "@opentelemetry/semantic-conventions": 1.14.0
  peerDependencies:
    "@opentelemetry/api": ">=1.0.0 <1.5.0"
  checksum: 4dafee254f61fc18b77320aa201a5c8b0de6ac33996e63eed510da60df83a2fe19bf016e5cd71d3cf739f462a2f7e47767948c74a4cf8dca69575fe23524d646
  languageName: node
  linkType: hard

"@opentelemetry/sdk-trace-node@npm:1.14.0":
  version: 1.14.0
  resolution: "@opentelemetry/sdk-trace-node@npm:1.14.0"
  dependencies:
    "@opentelemetry/context-async-hooks": 1.14.0
    "@opentelemetry/core": 1.14.0
    "@opentelemetry/propagator-b3": 1.14.0
    "@opentelemetry/propagator-jaeger": 1.14.0
    "@opentelemetry/sdk-trace-base": 1.14.0
    semver: ^7.3.5
  peerDependencies:
    "@opentelemetry/api": ">=1.0.0 <1.5.0"
  checksum: bdfa7a305d555f30a86a70f41d779d78715a32c918a53483f34cf0bc9b518f18ec630e69b894603ce871e9d63bf89ffafdd43989fc6f458c0528f1467c24a63d
  languageName: node
  linkType: hard

"@opentelemetry/semantic-conventions@npm:1.14.0, @opentelemetry/semantic-conventions@npm:^1.14.0":
  version: 1.14.0
  resolution: "@opentelemetry/semantic-conventions@npm:1.14.0"
  checksum: 0d4f752035ac25d10cfcaf0e16f29bff8fa47877baff61dc4d047f9fe1e70f1459d02f5b70982c579db48584038e4fe263755b35ffa7254385604917337469f3
  languageName: node
  linkType: hard

"@opentelemetry/semantic-conventions@npm:1.5.0":
  version: 1.5.0
  resolution: "@opentelemetry/semantic-conventions@npm:1.5.0"
  checksum: 455298a5037bd34e7fa687a4485bb66b6fead60647570fa5fd9cc8981feba4d5ff083b3c79f6d87ef2cd64df8502b8b3c9dbd337beb2dbbb23ffc98cb081d57c
  languageName: node
  linkType: hard

"@protobufjs/aspromise@npm:^1.1.1, @protobufjs/aspromise@npm:^1.1.2":
  version: 1.1.2
  resolution: "@protobufjs/aspromise@npm:1.1.2"
  checksum: 011fe7ef0826b0fd1a95935a033a3c0fd08483903e1aa8f8b4e0704e3233406abb9ee25350ec0c20bbecb2aad8da0dcea58b392bbd77d6690736f02c143865d2
  languageName: node
  linkType: hard

"@protobufjs/base64@npm:^1.1.2":
  version: 1.1.2
  resolution: "@protobufjs/base64@npm:1.1.2"
  checksum: 67173ac34de1e242c55da52c2f5bdc65505d82453893f9b51dc74af9fe4c065cf4a657a4538e91b0d4a1a1e0a0642215e31894c31650ff6e3831471061e1ee9e
  languageName: node
  linkType: hard

"@protobufjs/codegen@npm:^2.0.4":
  version: 2.0.4
  resolution: "@protobufjs/codegen@npm:2.0.4"
  checksum: 59240c850b1d3d0b56d8f8098dd04787dcaec5c5bd8de186fa548de86b86076e1c50e80144b90335e705a044edf5bc8b0998548474c2a10a98c7e004a1547e4b
  languageName: node
  linkType: hard

"@protobufjs/eventemitter@npm:^1.1.0":
  version: 1.1.0
  resolution: "@protobufjs/eventemitter@npm:1.1.0"
  checksum: 0369163a3d226851682f855f81413cbf166cd98f131edb94a0f67f79e75342d86e89df9d7a1df08ac28be2bc77e0a7f0200526bb6c2a407abbfee1f0262d5fd7
  languageName: node
  linkType: hard

"@protobufjs/fetch@npm:^1.1.0":
  version: 1.1.0
  resolution: "@protobufjs/fetch@npm:1.1.0"
  dependencies:
    "@protobufjs/aspromise": ^1.1.1
    "@protobufjs/inquire": ^1.1.0
  checksum: 3fce7e09eb3f1171dd55a192066450f65324fd5f7cc01a431df01bb00d0a895e6bfb5b0c5561ce157ee1d886349c90703d10a4e11a1a256418ff591b969b3477
  languageName: node
  linkType: hard

"@protobufjs/float@npm:^1.0.2":
  version: 1.0.2
  resolution: "@protobufjs/float@npm:1.0.2"
  checksum: 5781e1241270b8bd1591d324ca9e3a3128d2f768077a446187a049e36505e91bc4156ed5ac3159c3ce3d2ba3743dbc757b051b2d723eea9cd367bfd54ab29b2f
  languageName: node
  linkType: hard

"@protobufjs/inquire@npm:^1.1.0":
  version: 1.1.0
  resolution: "@protobufjs/inquire@npm:1.1.0"
  checksum: ca06f02eaf65ca36fb7498fc3492b7fc087bfcc85c702bac5b86fad34b692bdce4990e0ef444c1e2aea8c034227bd1f0484be02810d5d7e931c55445555646f4
  languageName: node
  linkType: hard

"@protobufjs/path@npm:^1.1.2":
  version: 1.1.2
  resolution: "@protobufjs/path@npm:1.1.2"
  checksum: 856eeb532b16a7aac071cacde5c5620df800db4c80cee6dbc56380524736205aae21e5ae47739114bf669ab5e8ba0e767a282ad894f3b5e124197cb9224445ee
  languageName: node
  linkType: hard

"@protobufjs/pool@npm:^1.1.0":
  version: 1.1.0
  resolution: "@protobufjs/pool@npm:1.1.0"
  checksum: d6a34fbbd24f729e2a10ee915b74e1d77d52214de626b921b2d77288bd8f2386808da2315080f2905761527cceffe7ec34c7647bd21a5ae41a25e8212ff79451
  languageName: node
  linkType: hard

"@protobufjs/utf8@npm:^1.1.0":
  version: 1.1.0
  resolution: "@protobufjs/utf8@npm:1.1.0"
  checksum: f9bf3163d13aaa3b6f5e6fbf37a116e094ea021c0e1f2a7ccd0e12a29e2ce08dafba4e8b36e13f8ed7397e1591610ce880ed1289af4d66cf4ace8a36a9557278
  languageName: node
  linkType: hard

"@types/long@npm:^4.0.1":
  version: 4.0.2
  resolution: "@types/long@npm:4.0.2"
  checksum: d16cde7240d834cf44ba1eaec49e78ae3180e724cd667052b194a372f350d024cba8dd3f37b0864931683dab09ca935d52f0c4c1687178af5ada9fc85b0635f4
  languageName: node
  linkType: hard

"@types/node@npm:>=12.12.47, @types/node@npm:>=13.7.0":
  version: 18.6.4
  resolution: "@types/node@npm:18.6.4"
  checksum: fc453dd2b541f5812ba1a8f957f577727cf2d8aee886f1d5c03eb153b2b3373d2e0953c5bd2b7a5b184073bc317f54ec91f1ec4830a58eda4a833e90654021de
  languageName: node
  linkType: hard

"@types/shimmer@npm:^1.0.2":
  version: 1.0.2
  resolution: "@types/shimmer@npm:1.0.2"
  checksum: 952b5555e914f632f3312a7b54e2b720b12ddce7373e1da58d25f25f32c07e5513afeb53bfce4256035a1205bbe81223fe8e47c160163de3e56fb93a3e0da42b
  languageName: node
  linkType: hard

"ansi-color@npm:^0.2.1":
  version: 0.2.1
  resolution: "ansi-color@npm:0.2.1"
  checksum: f3b809a91db1b2ec869a3bf5c0af13a4a8fa971d69a3404852b09d27e7789e1ca885ecd61d7c36f446d9c9f04980393ee099f9d02223d588a0dae19be033c4f3
  languageName: node
  linkType: hard

"ansi-regex@npm:^5.0.1":
  version: 5.0.1
  resolution: "ansi-regex@npm:5.0.1"
  checksum: 2aa4bb54caf2d622f1afdad09441695af2a83aa3fe8b8afa581d205e57ed4261c183c4d3877cee25794443fde5876417d859c108078ab788d6af7e4fe52eb66b
  languageName: node
  linkType: hard

"ansi-styles@npm:^4.0.0":
  version: 4.3.0
  resolution: "ansi-styles@npm:4.3.0"
  dependencies:
    color-convert: ^2.0.1
  checksum: 513b44c3b2105dd14cc42a19271e80f386466c4be574bccf60b627432f9198571ebf4ab1e4c3ba17347658f4ee1711c163d574248c0c1cdc2d5917a0ad582ec4
  languageName: node
  linkType: hard

"bufrw@npm:^1.3.0":
  version: 1.3.0
  resolution: "bufrw@npm:1.3.0"
  dependencies:
    ansi-color: ^0.2.1
    error: ^7.0.0
    hexer: ^1.5.0
    xtend: ^4.0.0
  checksum: e0cdfae2d1f4c0a2ffdc4e352ce3dbd547c4683c76072d48b98322945c318cbb0b6c2ccb5719d7de14abbe2076d68796f7d905b9b2c859fa29259fe66894b6c6
  languageName: node
  linkType: hard

"cliui@npm:^7.0.2":
  version: 7.0.4
  resolution: "cliui@npm:7.0.4"
  dependencies:
    string-width: ^4.2.0
    strip-ansi: ^6.0.0
    wrap-ansi: ^7.0.0
  checksum: ce2e8f578a4813806788ac399b9e866297740eecd4ad1823c27fd344d78b22c5f8597d548adbcc46f0573e43e21e751f39446c5a5e804a12aace402b7a315d7f
  languageName: node
  linkType: hard

"color-convert@npm:^2.0.1":
  version: 2.0.1
  resolution: "color-convert@npm:2.0.1"
  dependencies:
    color-name: ~1.1.4
  checksum: 79e6bdb9fd479a205c71d89574fccfb22bd9053bd98c6c4d870d65c132e5e904e6034978e55b43d69fcaa7433af2016ee203ce76eeba9cfa554b373e7f7db336
  languageName: node
  linkType: hard

"color-name@npm:~1.1.4":
  version: 1.1.4
  resolution: "color-name@npm:1.1.4"
  checksum: b0445859521eb4021cd0fb0cc1a75cecf67fceecae89b63f62b201cca8d345baf8b952c966862a9d9a2632987d4f6581f0ec8d957dfacece86f0a7919316f610
  languageName: node
  linkType: hard

"debug@npm:^4.1.1":
  version: 4.3.4
  resolution: "debug@npm:4.3.4"
  dependencies:
    ms: 2.1.2
  peerDependenciesMeta:
    supports-color:
      optional: true
  checksum: 3dbad3f94ea64f34431a9cbf0bafb61853eda57bff2880036153438f50fb5a84f27683ba0d8e5426bf41a8c6ff03879488120cf5b3a761e77953169c0600a708
  languageName: node
  linkType: hard

"emoji-regex@npm:^8.0.0":
  version: 8.0.0
  resolution: "emoji-regex@npm:8.0.0"
  checksum: d4c5c39d5a9868b5fa152f00cada8a936868fd3367f33f71be515ecee4c803132d11b31a6222b2571b1e5f7e13890156a94880345594d0ce7e3c9895f560f192
  languageName: node
  linkType: hard

"error@npm:7.0.2":
  version: 7.0.2
  resolution: "error@npm:7.0.2"
  dependencies:
    string-template: ~0.2.1
    xtend: ~4.0.0
  checksum: 407ff5faa73f5da3424a81d0160a1d3c6b5144e87cb1266334e7a4c2c7a69ae653e1b544032d7dbd8b210006858eea909ea0f46694b0484cd7555ba3086be0a8
  languageName: node
  linkType: hard

"error@npm:^7.0.0":
  version: 7.2.1
  resolution: "error@npm:7.2.1"
  dependencies:
    string-template: ~0.2.1
  checksum: 9c790d20a386947acfeabb0d1c39173efe8e5a38cb732b5f06c11a25c23ce8ac4dafbb7aa240565e034580a49aba0703e743d0274c6228500ddf947a1b998568
  languageName: node
  linkType: hard

"escalade@npm:^3.1.1":
  version: 3.1.1
  resolution: "escalade@npm:3.1.1"
  checksum: a3e2a99f07acb74b3ad4989c48ca0c3140f69f923e56d0cba0526240ee470b91010f9d39001f2a4a313841d237ede70a729e92125191ba5d21e74b106800b133
  languageName: node
  linkType: hard

"function-bind@npm:^1.1.1":
  version: 1.1.1
  resolution: "function-bind@npm:1.1.1"
  checksum: b32fbaebb3f8ec4969f033073b43f5c8befbb58f1a79e12f1d7490358150359ebd92f49e72ff0144f65f2c48ea2a605bff2d07965f548f6474fd8efd95bf361a
  languageName: node
  linkType: hard

"get-caller-file@npm:^2.0.5":
  version: 2.0.5
  resolution: "get-caller-file@npm:2.0.5"
  checksum: b9769a836d2a98c3ee734a88ba712e62703f1df31b94b784762c433c27a386dd6029ff55c2a920c392e33657d80191edbf18c61487e198844844516f843496b9
  languageName: node
  linkType: hard

"has@npm:^1.0.3":
  version: 1.0.3
  resolution: "has@npm:1.0.3"
  dependencies:
    function-bind: ^1.1.1
  checksum: b9ad53d53be4af90ce5d1c38331e712522417d017d5ef1ebd0507e07c2fbad8686fffb8e12ddecd4c39ca9b9b47431afbb975b8abf7f3c3b82c98e9aad052792
  languageName: node
  linkType: hard

"hexer@npm:^1.5.0":
  version: 1.5.0
  resolution: "hexer@npm:1.5.0"
  dependencies:
    ansi-color: ^0.2.1
    minimist: ^1.1.0
    process: ^0.10.0
    xtend: ^4.0.0
  bin:
    hexer: ./cli.js
  checksum: 2e7a919da953ae7bc8ee3d88b01615fd640a71f65cfaa8e7f0775f44ebbd06fe9d3b901a582c155a518537282dd231f5ca2f8523a5e7b84defc0b07f16854c22
  languageName: node
  linkType: hard

"import-in-the-middle@npm:1.3.5":
  version: 1.3.5
  resolution: "import-in-the-middle@npm:1.3.5"
  dependencies:
    module-details-from-path: ^1.0.3
  checksum: e8420c863cf0c7eb53647afea6b870357eeb2fa74624827452f94635fea43d022947cd49e3b9404c2cdcd1adf8bac5a61c3bae3321de1aa5d219a3a88297e7b6
  languageName: node
  linkType: hard

"is-core-module@npm:^2.12.0":
  version: 2.12.1
  resolution: "is-core-module@npm:2.12.1"
  dependencies:
    has: ^1.0.3
  checksum: f04ea30533b5e62764e7b2e049d3157dc0abd95ef44275b32489ea2081176ac9746ffb1cdb107445cf1ff0e0dfcad522726ca27c27ece64dadf3795428b8e468
  languageName: node
  linkType: hard

"is-fullwidth-code-point@npm:^3.0.0":
  version: 3.0.0
  resolution: "is-fullwidth-code-point@npm:3.0.0"
  checksum: 44a30c29457c7fb8f00297bce733f0a64cd22eca270f83e58c105e0d015e45c019491a4ab2faef91ab51d4738c670daff901c799f6a700e27f7314029e99e348
  languageName: node
  linkType: hard

"jaeger-client@npm:^3.15.0":
  version: 3.19.0
  resolution: "jaeger-client@npm:3.19.0"
  dependencies:
    node-int64: ^0.4.0
    opentracing: ^0.14.4
    thriftrw: ^3.5.0
    uuid: ^8.3.2
    xorshift: ^1.1.1
  checksum: fcdc0523b70299c0db1c07e6c209fa170cef75aa3ad00e6241c906423ba07dc6112a60e1b96de59c2a8eb9d335bf0a0c2a23cc13595ef24aededca2fdff65837
  languageName: node
  linkType: hard

"lodash.camelcase@npm:^4.3.0":
  version: 4.3.0
  resolution: "lodash.camelcase@npm:4.3.0"
  checksum: cb9227612f71b83e42de93eccf1232feeb25e705bdb19ba26c04f91e885bfd3dd5c517c4a97137658190581d3493ea3973072ca010aab7e301046d90740393d1
  languageName: node
  linkType: hard

"lodash.merge@npm:4.6.2":
  version: 4.6.2
  resolution: "lodash.merge@npm:4.6.2"
  checksum: ad580b4bdbb7ca1f7abf7e1bce63a9a0b98e370cf40194b03380a46b4ed799c9573029599caebc1b14e3f24b111aef72b96674a56cfa105e0f5ac70546cdc005
  languageName: node
  linkType: hard

"long@npm:^2.4.0":
  version: 2.4.0
  resolution: "long@npm:2.4.0"
  checksum: e24fd5e14be90ba6ec3faa43b3b0f1c4ac88bfdc52471d90f63e173572f6db27c45873e847f8af58283ca3140eb42d7ba11708102f3cc0956793b03305c737e0
  languageName: node
  linkType: hard

"long@npm:^4.0.0":
  version: 4.0.0
  resolution: "long@npm:4.0.0"
  checksum: 16afbe8f749c7c849db1f4de4e2e6a31ac6e617cead3bdc4f9605cb703cd20e1e9fc1a7baba674ffcca57d660a6e5b53a9e236d7b25a295d3855cca79cc06744
  languageName: node
  linkType: hard

"long@npm:^5.0.0":
  version: 5.2.0
  resolution: "long@npm:5.2.0"
  checksum: 37aa4e67b9c3eebc6d9d675adcc9d06f06059ca268922a71273de389746bf07f0ff282f9e604d17fdf84c4149099b44e936ea2b621a6c4759a216621afa97efd
  languageName: node
  linkType: hard

"lru-cache@npm:^6.0.0":
  version: 6.0.0
  resolution: "lru-cache@npm:6.0.0"
  dependencies:
    yallist: ^4.0.0
  checksum: f97f499f898f23e4585742138a22f22526254fdba6d75d41a1c2526b3b6cc5747ef59c5612ba7375f42aca4f8461950e925ba08c991ead0651b4918b7c978297
  languageName: node
  linkType: hard

"minimist@npm:^1.1.0":
  version: 1.2.8
  resolution: "minimist@npm:1.2.8"
  checksum: 75a6d645fb122dad29c06a7597bddea977258957ed88d7a6df59b5cd3fe4a527e253e9bbf2e783e4b73657f9098b96a5fe96ab8a113655d4109108577ecf85b0
  languageName: node
  linkType: hard

"module-details-from-path@npm:^1.0.3":
  version: 1.0.3
  resolution: "module-details-from-path@npm:1.0.3"
  checksum: 378a8a26013889aa3086bfb0776b7860c5bb957336253e1ba5d779c2f239a218930b145ca76e52c1dd7c8079d52b2af64b8eec30822f81ffdb0dfa27d6fe6f33
  languageName: node
  linkType: hard

"ms@npm:2.1.2":
  version: 2.1.2
  resolution: "ms@npm:2.1.2"
  checksum: 673cdb2c3133eb050c745908d8ce632ed2c02d85640e2edb3ace856a2266a813b30c613569bf3354fdf4ea7d1a1494add3bfa95e2713baa27d0c2c71fc44f58f
  languageName: node
  linkType: hard

"node-int64@npm:^0.4.0":
  version: 0.4.0
  resolution: "node-int64@npm:0.4.0"
  checksum: d0b30b1ee6d961851c60d5eaa745d30b5c95d94bc0e74b81e5292f7c42a49e3af87f1eb9e89f59456f80645d679202537de751b7d72e9e40ceea40c5e449057e
  languageName: node
  linkType: hard

"opentracing@npm:^0.14.4":
  version: 0.14.7
  resolution: "opentracing@npm:0.14.7"
  checksum: 5f7e44439062d056a2a72ac89eff463c9cf5659a2aea230ff7f5a226c5e960c195ce04ec2e2cc590140bbb9c5d2be11a5a50a23484cbe2d0e132af4309d4c904
  languageName: node
  linkType: hard

"path-parse@npm:^1.0.7":
  version: 1.0.7
  resolution: "path-parse@npm:1.0.7"
  checksum: 49abf3d81115642938a8700ec580da6e830dde670be21893c62f4e10bd7dd4c3742ddc603fe24f898cba7eb0c6bc1777f8d9ac14185d34540c6d4d80cd9cae8a
  languageName: node
  linkType: hard

"process@npm:^0.10.0":
  version: 0.10.1
  resolution: "process@npm:0.10.1"
  checksum: bdaaa28a8edf96d5daa0f5c1faf4adfedce512ebca829a82e846d991492780c34eb934decf4fa5b311c698881d07a8d4592b4d7ea53ec03d51580a2f364d3e30
  languageName: node
  linkType: hard

"protobufjs@npm:^7.0.0":
  version: 7.0.0
  resolution: "protobufjs@npm:7.0.0"
  dependencies:
    "@protobufjs/aspromise": ^1.1.2
    "@protobufjs/base64": ^1.1.2
    "@protobufjs/codegen": ^2.0.4
    "@protobufjs/eventemitter": ^1.1.0
    "@protobufjs/fetch": ^1.1.0
    "@protobufjs/float": ^1.0.2
    "@protobufjs/inquire": ^1.1.0
    "@protobufjs/path": ^1.1.2
    "@protobufjs/pool": ^1.1.0
    "@protobufjs/utf8": ^1.1.0
    "@types/long": ^4.0.1
    "@types/node": ">=13.7.0"
    long: ^5.0.0
  checksum: 84c12ceef34d190bb0e08c7203a4e066c66b67fa788ac18575b5c45a269a515c3921b13116e12fe55ffe1fd4831ce208481d44231b75dbe0a8730ab4ca51c84b
  languageName: node
  linkType: hard

"protobufjs@npm:^7.1.2, protobufjs@npm:^7.2.2":
  version: 7.2.4
  resolution: "protobufjs@npm:7.2.4"
  dependencies:
    "@protobufjs/aspromise": ^1.1.2
    "@protobufjs/base64": ^1.1.2
    "@protobufjs/codegen": ^2.0.4
    "@protobufjs/eventemitter": ^1.1.0
    "@protobufjs/fetch": ^1.1.0
    "@protobufjs/float": ^1.0.2
    "@protobufjs/inquire": ^1.1.0
    "@protobufjs/path": ^1.1.2
    "@protobufjs/pool": ^1.1.0
    "@protobufjs/utf8": ^1.1.0
    "@types/node": ">=13.7.0"
    long: ^5.0.0
  checksum: a952cdf2a5e5250c16ae651b570849b6f5b20a5475c3eef63ffb290ad239aa2916adfc1cc676f7fc93c69f48113df268761c0c246f7f023118c85bdd1a170044
  languageName: node
  linkType: hard

"require-directory@npm:^2.1.1":
  version: 2.1.1
  resolution: "require-directory@npm:2.1.1"
  checksum: fb47e70bf0001fdeabdc0429d431863e9475e7e43ea5f94ad86503d918423c1543361cc5166d713eaa7029dd7a3d34775af04764bebff99ef413111a5af18c80
  languageName: node
  linkType: hard

"require-in-the-middle@npm:^7.1.0":
  version: 7.1.1
  resolution: "require-in-the-middle@npm:7.1.1"
  dependencies:
    debug: ^4.1.1
    module-details-from-path: ^1.0.3
    resolve: ^1.22.1
  checksum: 00c7e28c271cefc219962b18c1803f6124c761238c1edbf588c68a7143bfeb5779df455d2f0791c2c1f6e841580c50080d4435156e72841fa0bc50c3f383d032
  languageName: node
  linkType: hard

"resolve@npm:^1.22.1":
  version: 1.22.3
  resolution: "resolve@npm:1.22.3"
  dependencies:
    is-core-module: ^2.12.0
    path-parse: ^1.0.7
    supports-preserve-symlinks-flag: ^1.0.0
  bin:
    resolve: bin/resolve
  checksum: fb834b81348428cb545ff1b828a72ea28feb5a97c026a1cf40aa1008352c72811ff4d4e71f2035273dc536dcfcae20c13604ba6283c612d70fa0b6e44519c374
  languageName: node
  linkType: hard

"resolve@patch:resolve@^1.22.1#~builtin<compat/resolve>":
  version: 1.22.3
  resolution: "resolve@patch:resolve@npm%3A1.22.3#~builtin<compat/resolve>::version=1.22.3&hash=07638b"
  dependencies:
    is-core-module: ^2.12.0
    path-parse: ^1.0.7
    supports-preserve-symlinks-flag: ^1.0.0
  bin:
    resolve: bin/resolve
  checksum: ad59734723b596d0891321c951592ed9015a77ce84907f89c9d9307dd0c06e11a67906a3e628c4cae143d3e44898603478af0ddeb2bba3f229a9373efe342665
  languageName: node
  linkType: hard

"root-workspace-0b6124@workspace:.":
  version: 0.0.0-use.local
  resolution: "root-workspace-0b6124@workspace:."
  languageName: unknown
  linkType: soft

"semver@npm:^7.3.2, semver@npm:^7.3.5":
  version: 7.5.3
  resolution: "semver@npm:7.5.3"
  dependencies:
    lru-cache: ^6.0.0
  bin:
    semver: bin/semver.js
  checksum: 9d58db16525e9f749ad0a696a1f27deabaa51f66e91d2fa2b0db3de3e9644e8677de3b7d7a03f4c15bc81521e0c3916d7369e0572dbde250d9bedf5194e2a8a7
  languageName: node
  linkType: hard

"shimmer@npm:^1.2.1":
  version: 1.2.1
  resolution: "shimmer@npm:1.2.1"
  checksum: aa0d6252ad1c682a4fdfda69e541be987f7a265ac7b00b1208e5e48cc68dc55f293955346ea4c71a169b7324b82c70f8400b3d3d2d60b2a7519f0a3522423250
  languageName: node
  linkType: hard

"simple-node@workspace:examples/effect-node":
  version: 0.0.0-use.local
  resolution: "simple-node@workspace:examples/effect-node"
  dependencies:
    "@effect/data": ^0.12.9
    "@effect/io": ^0.27.1
    "@effect/opentelemetry": ^0.1.3
    "@opentelemetry/api": ^1.4.1
    "@opentelemetry/exporter-trace-otlp-http": 0.40.0
    "@opentelemetry/resources": ^1.14.0
    "@opentelemetry/sdk-node": ^0.40.0
    "@opentelemetry/semantic-conventions": ^1.14.0
  languageName: unknown
  linkType: soft

"string-template@npm:~0.2.1":
  version: 0.2.1
  resolution: "string-template@npm:0.2.1"
  checksum: 042cdcf4d4832378f12fbf45b42f479990f330cc409e6dc184838801efbc8352ccf9428fe169f8f8cfff2b864879d4ba1ef8b5f41d63d1d71844c48005a1683f
  languageName: node
  linkType: hard

"string-width@npm:^4.1.0, string-width@npm:^4.2.0":
  version: 4.2.3
  resolution: "string-width@npm:4.2.3"
  dependencies:
    emoji-regex: ^8.0.0
    is-fullwidth-code-point: ^3.0.0
    strip-ansi: ^6.0.1
  checksum: e52c10dc3fbfcd6c3a15f159f54a90024241d0f149cf8aed2982a2d801d2e64df0bf1dc351cf8e95c3319323f9f220c16e740b06faecd53e2462df1d2b5443fb
  languageName: node
  linkType: hard

"strip-ansi@npm:^6.0.0, strip-ansi@npm:^6.0.1":
  version: 6.0.1
  resolution: "strip-ansi@npm:6.0.1"
  dependencies:
    ansi-regex: ^5.0.1
  checksum: f3cd25890aef3ba6e1a74e20896c21a46f482e93df4a06567cebf2b57edabb15133f1f94e57434e0a958d61186087b1008e89c94875d019910a213181a14fc8c
  languageName: node
  linkType: hard

"supports-preserve-symlinks-flag@npm:^1.0.0":
  version: 1.0.0
  resolution: "supports-preserve-symlinks-flag@npm:1.0.0"
  checksum: 53b1e247e68e05db7b3808b99b892bd36fb096e6fba213a06da7fab22045e97597db425c724f2bbd6c99a3c295e1e73f3e4de78592289f38431049e1277ca0ae
  languageName: node
  linkType: hard

"thriftrw@npm:^3.5.0":
  version: 3.12.0
  resolution: "thriftrw@npm:3.12.0"
  dependencies:
    bufrw: ^1.3.0
    error: 7.0.2
    long: ^2.4.0
  bin:
    thrift2json: ./thrift2json.js
  checksum: fc03374131a713f5c5eca712a4092abf48282d985d23542f3ef7c92d222af52716e7037c446d5734708cc514d8fad42674f82dd6a9c59b8807beba0a1169b539
  languageName: node
  linkType: hard

"uuid@npm:^8.3.2":
  version: 8.3.2
  resolution: "uuid@npm:8.3.2"
  bin:
    uuid: dist/bin/uuid
  checksum: 5575a8a75c13120e2f10e6ddc801b2c7ed7d8f3c8ac22c7ed0c7b2ba6383ec0abda88c905085d630e251719e0777045ae3236f04c812184b7c765f63a70e58df
  languageName: node
  linkType: hard

"wrap-ansi@npm:^7.0.0":
  version: 7.0.0
  resolution: "wrap-ansi@npm:7.0.0"
  dependencies:
    ansi-styles: ^4.0.0
    string-width: ^4.1.0
    strip-ansi: ^6.0.0
  checksum: a790b846fd4505de962ba728a21aaeda189b8ee1c7568ca5e817d85930e06ef8d1689d49dbf0e881e8ef84436af3a88bc49115c2e2788d841ff1b8b5b51a608b
  languageName: node
  linkType: hard

"xorshift@npm:^1.1.1":
  version: 1.2.0
  resolution: "xorshift@npm:1.2.0"
  checksum: bb5575707d20a806e71fa3e80bc3dc083a4bcf3c82965bd27b797a355cf87583273fe7676cfc9c7ffaa4c17d5a171903462045e2154e51fe1f07b90a4dc6b9d2
  languageName: node
  linkType: hard

"xtend@npm:^4.0.0, xtend@npm:~4.0.0":
  version: 4.0.2
  resolution: "xtend@npm:4.0.2"
  checksum: ac5dfa738b21f6e7f0dd6e65e1b3155036d68104e67e5d5d1bde74892e327d7e5636a076f625599dc394330a731861e87343ff184b0047fef1360a7ec0a5a36a
  languageName: node
  linkType: hard

"y18n@npm:^5.0.5":
  version: 5.0.8
  resolution: "y18n@npm:5.0.8"
  checksum: 54f0fb95621ee60898a38c572c515659e51cc9d9f787fb109cef6fde4befbe1c4602dc999d30110feee37456ad0f1660fa2edcfde6a9a740f86a290999550d30
  languageName: node
  linkType: hard

"yallist@npm:^4.0.0":
  version: 4.0.0
  resolution: "yallist@npm:4.0.0"
  checksum: 343617202af32df2a15a3be36a5a8c0c8545208f3d3dfbc6bb7c3e3b7e8c6f8e7485432e4f3b88da3031a6e20afa7c711eded32ddfb122896ac5d914e75848d5
  languageName: node
  linkType: hard

"yargs-parser@npm:^20.2.2":
  version: 20.2.9
  resolution: "yargs-parser@npm:20.2.9"
  checksum: 8bb69015f2b0ff9e17b2c8e6bfe224ab463dd00ca211eece72a4cd8a906224d2703fb8a326d36fdd0e68701e201b2a60ed7cf81ce0fd9b3799f9fe7745977ae3
  languageName: node
  linkType: hard

"yargs@npm:^16.2.0":
  version: 16.2.0
  resolution: "yargs@npm:16.2.0"
  dependencies:
    cliui: ^7.0.2
    escalade: ^3.1.1
    get-caller-file: ^2.0.5
    require-directory: ^2.1.1
    string-width: ^4.2.0
    y18n: ^5.0.5
    yargs-parser: ^20.2.2
  checksum: b14afbb51e3251a204d81937c86a7e9d4bdbf9a2bcee38226c900d00f522969ab675703bee2a6f99f8e20103f608382936034e64d921b74df82b63c07c5e8f59
  languageName: node
  linkType: hard
